{
  "nodes": {
    "diary": {
      "flake": false,
      "locked": {
        "lastModified": 1769793441,
        "narHash": "sha256-+bvVXTArS3NmfhkQanCMxk6Ogjo5BfzHzDub4lGNuc8=",
        "owner": "AmazingRise",
        "repo": "hugo-theme-diary",
        "rev": "0d8afbaf3d6be6ae3b37c8f87cecf2946af5f8c1",
        "type": "github"
      },
      "original": {
        "owner": "AmazingRise",
        "repo": "hugo-theme-diary",
        "type": "github"
      }
    },
    "nixpkgs": {
      "locked": {
        "lastModified": 1787900134,
        "narHash": "sha256-VYXO0XZlgj06dxJZRhrD3WoSsvq/c7+/Akyoa22pefw=",
        "owner": "NixOS",
        "repo": "nixpkgs",
        "rev": "83199d0d373dd3ac2b9a1996b1d0263f76ab7a4c",
        "type": "github"
      },
      "original": {
        "owner": "NixOS",
        "ref": "nixos-unstable",
        "repo": "nixpkgs",
        "type": "github"
      }
    },
    "root": {
      "inputs": {
        "diary": "diary",
        "nixpkgs": "nixpkgs",
        "terminal": "terminal"
      }
    },
    "terminal": {
      "flake": false,
      "locked": {
        "lastModified": 1775424101,
        "narHash": "sha256-6xrlhTqxJoB2LMFa0lcsDB73i7aJxvbVhScKxqoVeXc=",
        "owner": "panr",
        "repo": "hugo-theme-terminal",
        "rev": "4acd067c48195ac503541ba75f9259c7158d3792",
        "type": "github"
      },
      "original": {
        "owner": "panr",
        "repo": "hugo-theme-terminal",
        "type": "github"
      }
    }
  },
  "root": "root",
  "version": 7
}
